// !$*UTF8*$!
{
	archiveVersion = 1;
	classes = {
	};
	objectVersion = 46;
	objects = {

/* Begin PBXBuildFile section */
		500AE1C51CCA67BA005E6041 /* main.c in Sources */ = {isa = PBXBuildFile; fileRef = 500AE1C41CCA67BA005E6041 /* main.c */; };
		500AE1CD1CCA68AA005E6041 /* pool_object.c in Sources */ = {isa = PBXBuildFile; fileRef = 500AE1CB1CCA68AA005E6041 /* pool_object.c */; };
		509812B61CCB889C00483E38 /* mapped_file.c in Sources */ = {isa = PBXBuildFile; fileRef = 509812B41CCB889C00483E38 /* mapped_file.c */; };
		509812B91CCB8C9000483E38 /* list.c in Sources */ = {isa = PBXBuildFile; fileRef = 509812B71CCB8C9000483E38 /* list.c */; };
		509812BC1CCB955400483E38 /* hash_table.c in Sources */ = {isa = PBXBuildFile; fileRef = 509812BA1CCB955400483E38 /* hash_table.c */; };
		50E983E81CCC24CE00E167F3 /* i_list.c in Sources */ = {isa = PBXBuildFile; fileRef = 50E983E61CCC24CE00E167F3 /* i_list.c */; };
/* End PBXBuildFile section */

/* Begin PBXCopyFilesBuildPhase section */
		500AE1BF1CCA67BA005E6041 /* CopyFiles */ = {
			isa = PBXCopyFilesBuildPhase;
			buildActionMask = 2147483647;
			dstPath = /usr/share/man/man1/;
			dstSubfolderSpec = 0;
			files = (
			);
			runOnlyForDeploymentPostprocessing = 1;
		};
/* End PBXCopyFilesBuildPhase section */

/* Begin PBXFileReference section */
		500AE1C11CCA67BA005E6041 /* second_try_mf_lib */ = {isa = PBXFileReference; explicitFileType = "compiled.mach-o.executable"; includeInIndex = 0; path = second_try_mf_lib; sourceTree = BUILT_PRODUCTS_DIR; };
		500AE1C41CCA67BA005E6041 /* main.c */ = {isa = PBXFileReference; lastKnownFileType = sourcecode.c.c; path = main.c; sourceTree = "<group>"; };
		500AE1CB1CCA68AA005E6041 /* pool_object.c */ = {isa = PBXFileReference; fileEncoding = 4; lastKnownFileType = sourcecode.c.c; path = pool_object.c; sourceTree = "<group>"; };
		500AE1CC1CCA68AA005E6041 /* pool_object.h */ = {isa = PBXFileReference; fileEncoding = 4; lastKnownFileType = sourcecode.c.h; path = pool_object.h; sourceTree = "<group>"; };
		509812B41CCB889C00483E38 /* mapped_file.c */ = {isa = PBXFileReference; fileEncoding = 4; lastKnownFileType = sourcecode.c.c; path = mapped_file.c; sourceTree = "<group>"; };
		509812B51CCB889C00483E38 /* mapped_file.h */ = {isa = PBXFileReference; fileEncoding = 4; lastKnownFileType = sourcecode.c.h; path = mapped_file.h; sourceTree = "<group>"; };
		509812B71CCB8C9000483E38 /* list.c */ = {isa = PBXFileReference; fileEncoding = 4; lastKnownFileType = sourcecode.c.c; path = list.c; sourceTree = "<group>"; };
		509812B81CCB8C9000483E38 /* list.h */ = {isa = PBXFileReference; fileEncoding = 4; lastKnownFileType = sourcecode.c.h; path = list.h; sourceTree = "<group>"; };
		509812BA1CCB955400483E38 /* hash_table.c */ = {isa = PBXFileReference; fileEncoding = 4; lastKnownFileType = sourcecode.c.c; path = hash_table.c; sourceTree = "<group>"; };
		509812BB1CCB955400483E38 /* hash_table.h */ = {isa = PBXFileReference; fileEncoding = 4; lastKnownFileType = sourcecode.c.h; path = hash_table.h; sourceTree = "<group>"; };
		50E983E61CCC24CE00E167F3 /* i_list.c */ = {isa = PBXFileReference; fileEncoding = 4; lastKnownFileType = sourcecode.c.c; path = i_list.c; sourceTree = "<group>"; };
		50E983E71CCC24CE00E167F3 /* i_list.h */ = {isa = PBXFileReference; fileEncoding = 4; lastKnownFileType = sourcecode.c.h; path = i_list.h; sourceTree = "<group>"; };
/* End PBXFileReference section */

/* Begin PBXFrameworksBuildPhase section */
		500AE1BE1CCA67BA005E6041 /* Frameworks */ = {
			isa = PBXFrameworksBuildPhase;
			buildActionMask = 2147483647;
			files = (
			);
			runOnlyForDeploymentPostprocessing = 0;
		};
/* End PBXFrameworksBuildPhase section */

/* Begin PBXGroup section */
		500AE1B81CCA67BA005E6041 = {
			isa = PBXGroup;
			children = (
				500AE1C31CCA67BA005E6041 /* second_try_mf_lib */,
				500AE1C21CCA67BA005E6041 /* Products */,
			);
			sourceTree = "<group>";
		};
		500AE1C21CCA67BA005E6041 /* Products */ = {
			isa = PBXGroup;
			children = (
				500AE1C11CCA67BA005E6041 /* second_try_mf_lib */,
			);
			name = Products;
			sourceTree = "<group>";
		};
		500AE1C31CCA67BA005E6041 /* second_try_mf_lib */ = {
			isa = PBXGroup;
			children = (
				500AE1C41CCA67BA005E6041 /* main.c */,
				500AE1CB1CCA68AA005E6041 /* pool_object.c */,
				500AE1CC1CCA68AA005E6041 /* pool_object.h */,
				509812BA1CCB955400483E38 /* hash_table.c */,
				509812BB1CCB955400483E38 /* hash_table.h */,
				50E983E61CCC24CE00E167F3 /* i_list.c */,
				50E983E71CCC24CE00E167F3 /* i_list.h */,
				509812B71CCB8C9000483E38 /* list.c */,
				509812B81CCB8C9000483E38 /* list.h */,
				509812B41CCB889C00483E38 /* mapped_file.c */,
				509812B51CCB889C00483E38 /* mapped_file.h */,
			);
			path = second_try_mf_lib;
			sourceTree = "<group>";
		};
/* End PBXGroup section */

/* Begin PBXNativeTarget section */
		500AE1C01CCA67BA005E6041 /* second_try_mf_lib */ = {
			isa = PBXNativeTarget;
			buildConfigurationList = 500AE1C81CCA67BA005E6041 /* Build configuration list for PBXNativeTarget "second_try_mf_lib" */;
			buildPhases = (
				500AE1BD1CCA67BA005E6041 /* Sources */,
				500AE1BE1CCA67BA005E6041 /* Frameworks */,
				500AE1BF1CCA67BA005E6041 /* CopyFiles */,
			);
			buildRules = (
			);
			dependencies = (
			);
			name = second_try_mf_lib;
			productName = second_try_mf_lib;
			productReference = 500AE1C11CCA67BA005E6041 /* second_try_mf_lib */;
			productType = "com.apple.product-type.tool";
		};
/* End PBXNativeTarget section */

/* Begin PBXProject section */
		500AE1B91CCA67BA005E6041 /* Project object */ = {
			isa = PBXProject;
			attributes = {
				LastUpgradeCheck = 0730;
				ORGANIZATIONNAME = "IVAN MATVEEV";
				TargetAttributes = {
					500AE1C01CCA67BA005E6041 = {
						CreatedOnToolsVersion = 7.3;
					};
				};
			};
			buildConfigurationList = 500AE1BC1CCA67BA005E6041 /* Build configuration list for PBXProject "second_try_mf_lib" */;
			compatibilityVersion = "Xcode 3.2";
			developmentRegion = English;
			hasScannedForEncodings = 0;
			knownRegions = (
				en,
			);
			mainGroup = 500AE1B81CCA67BA005E6041;
			productRefGroup = 500AE1C21CCA67BA005E6041 /* Products */;
			projectDirPath = "";
			projectRoot = "";
			targets = (
				500AE1C01CCA67BA005E6041 /* second_try_mf_lib */,
			);
		};
/* End PBXProject section */

/* Begin PBXSourcesBuildPhase section */
		500AE1BD1CCA67BA005E6041 /* Sources */ = {
			isa = PBXSourcesBuildPhase;
			buildActionMask = 2147483647;
			files = (
				509812BC1CCB955400483E38 /* hash_table.c in Sources */,
				50E983E81CCC24CE00E167F3 /* i_list.c in Sources */,
				500AE1CD1CCA68AA005E6041 /* pool_object.c in Sources */,
				500AE1C51CCA67BA005E6041 /* main.c in Sources */,
				509812B61CCB889C00483E38 /* mapped_file.c in Sources */,
				509812B91CCB8C9000483E38 /* list.c in Sources */,
			);
			runOnlyForDeploymentPostprocessing = 0;
		};
/* End PBXSourcesBuildPhase section */

/* Begin XCBuildConfiguration section */
		500AE1C61CCA67BA005E6041 /* Debug */ = {
			isa = XCBuildConfiguration;
			buildSettings = {
				ALWAYS_SEARCH_USER_PATHS = NO;
				CLANG_ANALYZER_NONNULL = YES;
				CLANG_CXX_LANGUAGE_STANDARD = "gnu++0x";
				CLANG_CXX_LIBRARY = "libc++";
				CLANG_ENABLE_MODULES = YES;
				CLANG_ENABLE_OBJC_ARC = YES;
				CLANG_WARN_BOOL_CONVERSION = YES;
				CLANG_WARN_CONSTANT_CONVERSION = YES;
				CLANG_WARN_DIRECT_OBJC_ISA_USAGE = YES_ERROR;
				CLANG_WARN_EMPTY_BODY = YES;
				CLANG_WARN_ENUM_CONVERSION = YES;
				CLANG_WARN_INT_CONVERSION = YES;
				CLANG_WARN_OBJC_ROOT_CLASS = YES_ERROR;
				CLANG_WARN_UNREACHABLE_CODE = YES;
				CLANG_WARN__DUPLICATE_METHOD_MATCH = YES;
				CODE_SIGN_IDENTITY = "-";
				COPY_PHASE_STRIP = NO;
				DEBUG_INFORMATION_FORMAT = dwarf;
				ENABLE_STRICT_OBJC_MSGSEND = YES;
				ENABLE_TESTABILITY = YES;
				GCC_C_LANGUAGE_STANDARD = gnu99;
				GCC_DYNAMIC_NO_PIC = NO;
				GCC_NO_COMMON_BLOCKS = YES;
				GCC_OPTIMIZATION_LEVEL = 0;
				GCC_PREPROCESSOR_DEFINITIONS = (
					"DEBUG=1",
					"$(inherited)",
				);
				GCC_WARN_64_TO_32_BIT_CONVERSION = YES;
				GCC_WARN_ABOUT_RETURN_TYPE = YES_ERROR;
				GCC_WARN_UNDECLARED_SELECTOR = YES;
				GCC_WARN_UNINITIALIZED_AUTOS = YES_AGGRESSIVE;
				GCC_WARN_UNUSED_FUNCTION = YES;
				GCC_WARN_UNUSED_VARIABLE = YES;
				MACOSX_DEPLOYMENT_TARGET = 10.11;
				MTL_ENABLE_DEBUG_INFO = YES;
				ONLY_ACTIVE_ARCH = YES;
				SDKROOT = macosx;
			};
			name = Debug;
		};
		500AE1C71CCA67BA005E6041 /* Release */ = {
			isa = XCBuildConfiguration;
			buildSettings = {
				ALWAYS_SEARCH_USER_PATHS = NO;
				CLANG_ANALYZER_NONNULL = YES;
				CLANG_CXX_LANGUAGE_STANDARD = "gnu++0x";
				CLANG_CXX_LIBRARY = "libc++";
				CLANG_ENABLE_MODULES = YES;
				CLANG_ENABLE_OBJC_ARC = YES;
				CLANG_WARN_BOOL_CONVERSION = YES;
				CLANG_WARN_CONSTANT_CONVERSION = YES;
				CLANG_WARN_DIRECT_OBJC_ISA_USAGE = YES_ERROR;
				CLANG_WARN_EMPTY_BODY = YES;
				CLANG_WARN_ENUM_CONVERSION = YES;
				CLANG_WARN_INT_CONVERSION = YES;
				CLANG_WARN_OBJC_ROOT_CLASS = YES_ERROR;
				CLANG_WARN_UNREACHABLE_CODE = YES;
				CLANG_WARN__DUPLICATE_METHOD_MATCH = YES;
				CODE_SIGN_IDENTITY = "-";
				COPY_PHASE_STRIP = NO;
				DEBUG_INFORMATION_FORMAT = "dwarf-with-dsym";
				ENABLE_NS_ASSERTIONS = NO;
				ENABLE_STRICT_OBJC_MSGSEND = YES;
				GCC_C_LANGUAGE_STANDARD = gnu99;
				GCC_NO_COMMON_BLOCKS = YES;
				GCC_WARN_64_TO_32_BIT_CONVERSION = YES;
				GCC_WARN_ABOUT_RETURN_TYPE = YES_ERROR;
				GCC_WARN_UNDECLARED_SELECTOR = YES;
				GCC_WARN_UNINITIALIZED_AUTOS = YES_AGGRESSIVE;
				GCC_WARN_UNUSED_FUNCTION = YES;
				GCC_WARN_UNUSED_VARIABLE = YES;
				MACOSX_DEPLOYMENT_TARGET = 10.11;
				MTL_ENABLE_DEBUG_INFO = NO;
				SDKROOT = macosx;
			};
			name = Release;
		};
		500AE1C91CCA67BA005E6041 /* Debug */ = {
			isa = XCBuildConfiguration;
			buildSettings = {
				PRODUCT_NAME = "$(TARGET_NAME)";
			};
			name = Debug;
		};
		500AE1CA1CCA67BA005E6041 /* Release */ = {
			isa = XCBuildConfiguration;
			buildSettings = {
				PRODUCT_NAME = "$(TARGET_NAME)";
			};
			name = Release;
		};
/* End XCBuildConfiguration section */

/* Begin XCConfigurationList section */
		500AE1BC1CCA67BA005E6041 /* Build configuration list for PBXProject "second_try_mf_lib" */ = {
			isa = XCConfigurationList;
			buildConfigurations = (
				500AE1C61CCA67BA005E6041 /* Debug */,
				500AE1C71CCA67BA005E6041 /* Release */,
			);
			defaultConfigurationIsVisible = 0;
			defaultConfigurationName = Release;
		};
		500AE1C81CCA67BA005E6041 /* Build configuration list for PBXNativeTarget "second_try_mf_lib" */ = {
			isa = XCConfigurationList;
			buildConfigurations = (
				500AE1C91CCA67BA005E6041 /* Debug */,
				500AE1CA1CCA67BA005E6041 /* Release */,
			);
			defaultConfigurationIsVisible = 0;
			defaultConfigurationName = Release;
		};
/* End XCConfigurationList section */
	};
	rootObject = 500AE1B91CCA67BA005E6041 /* Project object */;
}
